
Microsoft Visual Studio Solution File, Format Version 12.00
# Visual Studio Version 17
VisualStudioVersion = 17.8.34330.188
MinimumVisualStudioVersion = 10.0.40219.1
Project("{9A19103F-16F7-4668-BE54-9A1E7A4F7556}") = "BlazorHybrid.Web", "BlazorHybrid.Web\BlazorHybrid.Web.csproj", "{48D57CA3-409B-4A0A-8E1A-7DB46D7ED2E2}"
EndProject
Project("{9A19103F-16F7-4668-BE54-9A1E7A4F7556}") = "BlazorHybrid.RCL", "BlazorHybrid.RCL\BlazorHybrid.RCL.csproj", "{1248916C-CA98-4E8D-96EE-5C491A801740}"
EndProject
Project("{FAE04EC0-301F-11D3-BF4B-00C04F79EFBC}") = "BlazorHybrid.Maui", "BlazorHybrid.Maui\BlazorHybrid.Maui.csproj", "{9FC57503-CC76-43F1-AEF3-40A14538FA6D}"
EndProject
Global
	GlobalSection(SolutionConfigurationPlatforms) = preSolution
		Debug|Any CPU = Debug|Any CPU
		Release|Any CPU = Release|Any CPU
	EndGlobalSection
	GlobalSection(ProjectConfigurationPlatforms) = postSolution
		{48D57CA3-409B-4A0A-8E1A-7DB46D7ED2E2}.Debug|Any CPU.ActiveCfg = Debug|Any CPU
		{48D57CA3-409B-4A0A-8E1A-7DB46D7ED2E2}.Debug|Any CPU.Build.0 = Debug|Any CPU
		{48D57CA3-409B-4A0A-8E1A-7DB46D7ED2E2}.Release|Any CPU.ActiveCfg = Release|Any CPU
		{48D57CA3-409B-4A0A-8E1A-7DB46D7ED2E2}.Release|Any CPU.Build.0 = Release|Any CPU
		{1248916C-CA98-4E8D-96EE-5C491A801740}.Debug|Any CPU.ActiveCfg = Debug|Any CPU
		{1248916C-CA98-4E8D-96EE-5C491A801740}.Debug|Any CPU.Build.0 = Debug|Any CPU
		{1248916C-CA98-4E8D-96EE-5C491A801740}.Release|Any CPU.ActiveCfg = Release|Any CPU
		{1248916C-CA98-4E8D-96EE-5C491A801740}.Release|Any CPU.Build.0 = Release|Any CPU
		{9FC57503-CC76-43F1-AEF3-40A14538FA6D}.Debug|Any CPU.ActiveCfg = Debug|Any CPU
		{9FC57503-CC76-43F1-AEF3-40A14538FA6D}.Debug|Any CPU.Build.0 = Debug|Any CPU
		{9FC57503-CC76-43F1-AEF3-40A14538FA6D}.Debug|Any CPU.Deploy.0 = Debug|Any CPU
		{9FC57503-CC76-43F1-AEF3-40A14538FA6D}.Release|Any CPU.ActiveCfg = Release|Any CPU
		{9FC57503-CC76-43F1-AEF3-40A14538FA6D}.Release|Any CPU.Build.0 = Release|Any CPU
		{9FC57503-CC76-43F1-AEF3-40A14538FA6D}.Release|Any CPU.Deploy.0 = Release|Any CPU
	EndGlobalSection
	GlobalSection(SolutionProperties) = preSolution
		HideSolutionNode = FALSE
	EndGlobalSection
	GlobalSection(ExtensibilityGlobals) = postSolution
		SolutionGuid = {A8932A83-0A38-48AF-806C-C6F30E74AAA2}
	EndGlobalSection
EndGlobal
